
Microsoft Visual Studio Solution File, Format Version 12.00
# Visual Studio Version 17
VisualStudioVersion = 17.2.32630.192
MinimumVisualStudioVersion = 10.0.40219.1
Project("{FAE04EC0-301F-11D3-BF4B-00C04F79EFBC}") = "ControlDeFinanzas", "ControlDeFinanzas\ControlDeFinanzas.csproj", "{F67F22D1-3E6B-4D9B-A8B7-6F0243C30D59}"
EndProject
Global
	GlobalSection(SolutionConfigurationPlatforms) = preSolution
		Debug|Any CPU = Debug|Any CPU
		Release|Any CPU = Release|Any CPU
	EndGlobalSection
	GlobalSection(ProjectConfigurationPlatforms) = postSolution
		{F67F22D1-3E6B-4D9B-A8B7-6F0243C30D59}.Debug|Any CPU.ActiveCfg = Debug|Any CPU
		{F67F22D1-3E6B-4D9B-A8B7-6F0243C30D59}.Debug|Any CPU.Build.0 = Debug|Any CPU
		{F67F22D1-3E6B-4D9B-A8B7-6F0243C30D59}.Release|Any CPU.ActiveCfg = Release|Any CPU
		{F67F22D1-3E6B-4D9B-A8B7-6F0243C30D59}.Release|Any CPU.Build.0 = Release|Any CPU
	EndGlobalSection
	GlobalSection(SolutionProperties) = preSolution
		HideSolutionNode = FALSE
	EndGlobalSection
	GlobalSection(ExtensibilityGlobals) = postSolution
		SolutionGuid = {0B0336CC-1712-4855-B0A6-72C6ACDEEDDC}
	EndGlobalSection
EndGlobal
